Microsoft Visual Studio Solution File, Format Version 11.00
# Visual Studio 2008

Project("{25FE0B49-F95D-6CEB-3A10-502A338E8763}") = "MetaioTest2", "Assembly-CSharp.csproj", "{7449029E-C089-81EE-527C-FF9F6483CF49}"
EndProject
Project("{25FE0B49-F95D-6CEB-3A10-502A338E8763}") = "MetaioTest2", "Assembly-CSharp-Editor.csproj", "{D0C17376-9F2A-9194-E354-B7A853BE98D3}"
EndProject
Global
	GlobalSection(SolutionConfigurationPlatforms) = preSolution
		Debug|Any CPU = Debug|Any CPU
		Release|Any CPU = Release|Any CPU
	EndGlobalSection
	GlobalSection(ProjectConfigurationPlatforms) = postSolution
		{7449029E-C089-81EE-527C-FF9F6483CF49}.Debug|Any CPU.ActiveCfg = Debug|Any CPU
		{7449029E-C089-81EE-527C-FF9F6483CF49}.Debug|Any CPU.Build.0 = Debug|Any CPU
		{7449029E-C089-81EE-527C-FF9F6483CF49}.Release|Any CPU.ActiveCfg = Release|Any CPU
		{7449029E-C089-81EE-527C-FF9F6483CF49}.Release|Any CPU.Build.0 = Release|Any CPU
		{D0C17376-9F2A-9194-E354-B7A853BE98D3}.Debug|Any CPU.ActiveCfg = Debug|Any CPU
		{D0C17376-9F2A-9194-E354-B7A853BE98D3}.Debug|Any CPU.Build.0 = Debug|Any CPU
		{D0C17376-9F2A-9194-E354-B7A853BE98D3}.Release|Any CPU.ActiveCfg = Release|Any CPU
		{D0C17376-9F2A-9194-E354-B7A853BE98D3}.Release|Any CPU.Build.0 = Release|Any CPU
	EndGlobalSection
	GlobalSection(SolutionProperties) = preSolution
		HideSolutionNode = FALSE
	EndGlobalSection
	GlobalSection(MonoDevelopProperties) = preSolution
		StartupItem = Assembly-CSharp.csproj
		Policies = $0
		$0.TextStylePolicy = $1
		$1.inheritsSet = null
		$1.scope = text/x-csharp
		$0.CSharpFormattingPolicy = $2
		$2.inheritsSet = Mono
		$2.inheritsScope = text/x-csharp
		$2.scope = text/x-csharp
		$0.TextStylePolicy = $3
		$3.FileWidth = 120
		$3.TabWidth = 4
		$3.EolMarker = Unix
		$3.inheritsSet = Mono
		$3.inheritsScope = text/plain
		$3.scope = text/plain
	EndGlobalSection
EndGlobal
